// !$*UTF8*$!
{
	archiveVersion = 1;
	classes = {
	};
	objectVersion = 46;
	objects = {

/* Begin PBXBuildFile section */
		AB98AFF11D92812B0011FA7A /* AppDelegate.swift in Sources */ = {isa = PBXBuildFile; fileRef = AB98AFF01D92812B0011FA7A /* AppDelegate.swift */; };
		AB98AFF31D92812B0011FA7A /* ViewController.swift in Sources */ = {isa = PBXBuildFile; fileRef = AB98AFF21D92812B0011FA7A /* ViewController.swift */; };
		AB98AFF61D92812B0011FA7A /* Main.storyboard in Resources */ = {isa = PBXBuildFile; fileRef = AB98AFF41D92812B0011FA7A /* Main.storyboard */; };
		AB98AFF81D92812B0011FA7A /* Assets.xcassets in Resources */ = {isa = PBXBuildFile; fileRef = AB98AFF71D92812B0011FA7A /* Assets.xcassets */; };
		AB98AFFB1D92812B0011FA7A /* LaunchScreen.storyboard in Resources */ = {isa = PBXBuildFile; fileRef = AB98AFF91D92812B0011FA7A /* LaunchScreen.storyboard */; };
		AB98B0041D9281570011FA7A /* LibS.swift in Sources */ = {isa = PBXBuildFile; fileRef = AB98B0031D9281570011FA7A /* LibS.swift */; };
/* End PBXBuildFile section */

/* Begin PBXFileReference section */
		AB98AFED1D92812B0011FA7A /* Test.app */ = {isa = PBXFileReference; explicitFileType = wrapper.application; includeInIndex = 0; path = Test.app; sourceTree = BUILT_PRODUCTS_DIR; };
		AB98AFF01D92812B0011FA7A /* AppDelegate.swift */ = {isa = PBXFileReference; lastKnownFileType = sourcecode.swift; path = AppDelegate.swift; sourceTree = "<group>"; };
		AB98AFF21D92812B0011FA7A /* ViewController.swift */ = {isa = PBXFileReference; lastKnownFileType = sourcecode.swift; path = ViewController.swift; sourceTree = "<group>"; };
		AB98AFF51D92812B0011FA7A /* Base */ = {isa = PBXFileReference; lastKnownFileType = file.storyboard; name = Base; path = Base.lproj/Main.storyboard; sourceTree = "<group>"; };
		AB98AFF71D92812B0011FA7A /* Assets.xcassets */ = {isa = PBXFileReference; lastKnownFileType = folder.assetcatalog; path = Assets.xcassets; sourceTree = "<group>"; };
		AB98AFFA1D92812B0011FA7A /* Base */ = {isa = PBXFileReference; lastKnownFileType = file.storyboard; name = Base; path = Base.lproj/LaunchScreen.storyboard; sourceTree = "<group>"; };
		AB98AFFC1D92812B0011FA7A /* Info.plist */ = {isa = PBXFileReference; lastKnownFileType = text.plist.xml; path = Info.plist; sourceTree = "<group>"; };
		AB98B0031D9281570011FA7A /* LibS.swift */ = {isa = PBXFileReference; fileEncoding = 4; lastKnownFileType = sourcecode.swift; path = LibS.swift; sourceTree = "<group>"; };
/* End PBXFileReference section */

/* Begin PBXFrameworksBuildPhase section */
		AB98AFEA1D92812B0011FA7A /* Frameworks */ = {
			isa = PBXFrameworksBuildPhase;
			buildActionMask = 2147483647;
			files = (
			);
			runOnlyForDeploymentPostprocessing = 0;
		};
/* End PBXFrameworksBuildPhase section */

/* Begin PBXGroup section */
		AB98AFE41D92812B0011FA7A = {
			isa = PBXGroup;
			children = (
				AB98AFEF1D92812B0011FA7A /* Test */,
				AB98AFEE1D92812B0011FA7A /* Products */,
			);
			sourceTree = "<group>";
		};
		AB98AFEE1D92812B0011FA7A /* Products */ = {
			isa = PBXGroup;
			children = (
				AB98AFED1D92812B0011FA7A /* Test.app */,
			);
			name = Products;
			sourceTree = "<group>";
		};
		AB98AFEF1D92812B0011FA7A /* Test */ = {
			isa = PBXGroup;
			children = (
				AB98AFF01D92812B0011FA7A /* AppDelegate.swift */,
				AB98AFF21D92812B0011FA7A /* ViewController.swift */,
				AB98B0021D92814C0011FA7A /* Lib */,
				AB98AFF41D92812B0011FA7A /* Main.storyboard */,
				AB98AFF71D92812B0011FA7A /* Assets.xcassets */,
				AB98AFF91D92812B0011FA7A /* LaunchScreen.storyboard */,
				AB98AFFC1D92812B0011FA7A /* Info.plist */,
			);
			path = Test;
			sourceTree = "<group>";
		};
		AB98B0021D92814C0011FA7A /* Lib */ = {
			isa = PBXGroup;
			children = (
				AB98B0031D9281570011FA7A /* LibS.swift */,
			);
			path = Lib;
			sourceTree = "<group>";
		};
/* End PBXGroup section */

/* Begin PBXNativeTarget section */
		AB98AFEC1D92812B0011FA7A /* Test */ = {
			isa = PBXNativeTarget;
			buildConfigurationList = AB98AFFF1D92812B0011FA7A /* Build configuration list for PBXNativeTarget "Test" */;
			buildPhases = (
				AB98AFE91D92812B0011FA7A /* Sources */,
				AB98AFEA1D92812B0011FA7A /* Frameworks */,
				AB98AFEB1D92812B0011FA7A /* Resources */,
			);
			buildRules = (
			);
			dependencies = (
			);
			name = Test;
			productName = Test;
			productReference = AB98AFED1D92812B0011FA7A /* Test.app */;
			productType = "com.apple.product-type.application";
		};
/* End PBXNativeTarget section */

/* Begin PBXProject section */
		AB98AFE51D92812B0011FA7A /* Project object */ = {
			isa = PBXProject;
			attributes = {
				LastSwiftUpdateCheck = 0730;
				LastUpgradeCheck = 0730;
				ORGANIZATIONNAME = "骆朋飞";
				TargetAttributes = {
					AB98AFEC1D92812B0011FA7A = {
						CreatedOnToolsVersion = 7.3.1;
						DevelopmentTeam = FS6ZY5VUKS;
						LastSwiftMigration = 0800;
					};
				};
			};
			buildConfigurationList = AB98AFE81D92812B0011FA7A /* Build configuration list for PBXProject "Test" */;
			compatibilityVersion = "Xcode 3.2";
			developmentRegion = English;
			hasScannedForEncodings = 0;
			knownRegions = (
				en,
				Base,
			);
			mainGroup = AB98AFE41D92812B0011FA7A;
			productRefGroup = AB98AFEE1D92812B0011FA7A /* Products */;
			projectDirPath = "";
			projectRoot = "";
			targets = (
				AB98AFEC1D92812B0011FA7A /* Test */,
			);
		};
/* End PBXProject section */

/* Begin PBXResourcesBuildPhase section */
		AB98AFEB1D92812B0011FA7A /* Resources */ = {
			isa = PBXResourcesBuildPhase;
			buildActionMask = 2147483647;
			files = (
				AB98AFFB1D92812B0011FA7A /* LaunchScreen.storyboard in Resources */,
				AB98AFF81D92812B0011FA7A /* Assets.xcassets in Resources */,
				AB98AFF61D92812B0011FA7A /* Main.storyboard in Resources */,
			);
			runOnlyForDeploymentPostprocessing = 0;
		};
/* End PBXResourcesBuildPhase section */

/* Begin PBXSourcesBuildPhase section */
		AB98AFE91D92812B0011FA7A /* Sources */ = {
			isa = PBXSourcesBuildPhase;
			buildActionMask = 2147483647;
			files = (
				AB98B0041D9281570011FA7A /* LibS.swift in Sources */,
				AB98AFF31D92812B0011FA7A /* ViewController.swift in Sources */,
				AB98AFF11D92812B0011FA7A /* AppDelegate.swift in Sources */,
			);
			runOnlyForDeploymentPostprocessing = 0;
		};
/* End PBXSourcesBuildPhase section */

/* Begin PBXVariantGroup section */
		AB98AFF41D92812B0011FA7A /* Main.storyboard */ = {
			isa = PBXVariantGroup;
			children = (
				AB98AFF51D92812B0011FA7A /* Base */,
			);
			name = Main.storyboard;
			sourceTree = "<group>";
		};
		AB98AFF91D92812B0011FA7A /* LaunchScreen.storyboard */ = {
			isa = PBXVariantGroup;
			children = (
				AB98AFFA1D92812B0011FA7A /* Base */,
			);
			name = LaunchScreen.storyboard;
			sourceTree = "<group>";
		};
/* End PBXVariantGroup section */

/* Begin XCBuildConfiguration section */
		AB98AFFD1D92812B0011FA7A /* Debug */ = {
			isa = XCBuildConfiguration;
			buildSettings = {
				ALWAYS_SEARCH_USER_PATHS = NO;
				CLANG_ANALYZER_NONNULL = YES;
				CLANG_CXX_LANGUAGE_STANDARD = "gnu++0x";
				CLANG_CXX_LIBRARY = "libc++";
				CLANG_ENABLE_MODULES = YES;
				CLANG_ENABLE_OBJC_ARC = YES;
				CLANG_WARN_BOOL_CONVERSION = YES;
				CLANG_WARN_CONSTANT_CONVERSION = YES;
				CLANG_WARN_DIRECT_OBJC_ISA_USAGE = YES_ERROR;
				CLANG_WARN_EMPTY_BODY = YES;
				CLANG_WARN_ENUM_CONVERSION = YES;
				CLANG_WARN_INT_CONVERSION = YES;
				CLANG_WARN_OBJC_ROOT_CLASS = YES_ERROR;
				CLANG_WARN_UNREACHABLE_CODE = YES;
				CLANG_WARN__DUPLICATE_METHOD_MATCH = YES;
				"CODE_SIGN_IDENTITY[sdk=iphoneos*]" = "iPhone Developer";
				COPY_PHASE_STRIP = NO;
				DEBUG_INFORMATION_FORMAT = dwarf;
				ENABLE_STRICT_OBJC_MSGSEND = YES;
				ENABLE_TESTABILITY = YES;
				GCC_C_LANGUAGE_STANDARD = gnu99;
				GCC_DYNAMIC_NO_PIC = NO;
				GCC_NO_COMMON_BLOCKS = YES;
				GCC_OPTIMIZATION_LEVEL = 0;
				GCC_PREPROCESSOR_DEFINITIONS = (
					"DEBUG=1",
					"$(inherited)",
				);
				GCC_WARN_64_TO_32_BIT_CONVERSION = YES;
				GCC_WARN_ABOUT_RETURN_TYPE = YES_ERROR;
				GCC_WARN_UNDECLARED_SELECTOR = YES;
				GCC_WARN_UNINITIALIZED_AUTOS = YES_AGGRESSIVE;
				GCC_WARN_UNUSED_FUNCTION = YES;
				GCC_WARN_UNUSED_VARIABLE = YES;
				IPHONEOS_DEPLOYMENT_TARGET = 9.3;
				MTL_ENABLE_DEBUG_INFO = YES;
				ONLY_ACTIVE_ARCH = YES;
				SDKROOT = iphoneos;
				SWIFT_OPTIMIZATION_LEVEL = "-Onone";
			};
			name = Debug;
		};
		AB98AFFE1D92812B0011FA7A /* Release */ = {
			isa = XCBuildConfiguration;
			buildSettings = {
				ALWAYS_SEARCH_USER_PATHS = NO;
				CLANG_ANALYZER_NONNULL = YES;
				CLANG_CXX_LANGUAGE_STANDARD = "gnu++0x";
				CLANG_CXX_LIBRARY = "libc++";
				CLANG_ENABLE_MODULES = YES;
				CLANG_ENABLE_OBJC_ARC = YES;
				CLANG_WARN_BOOL_CONVERSION = YES;
				CLANG_WARN_CONSTANT_CONVERSION = YES;
				CLANG_WARN_DIRECT_OBJC_ISA_USAGE = YES_ERROR;
				CLANG_WARN_EMPTY_BODY = YES;
				CLANG_WARN_ENUM_CONVERSION = YES;
				CLANG_WARN_INT_CONVERSION = YES;
				CLANG_WARN_OBJC_ROOT_CLASS = YES_ERROR;
				CLANG_WARN_UNREACHABLE_CODE = YES;
				CLANG_WARN__DUPLICATE_METHOD_MATCH = YES;
				"CODE_SIGN_IDENTITY[sdk=iphoneos*]" = "iPhone Developer";
				COPY_PHASE_STRIP = NO;
				DEBUG_INFORMATION_FORMAT = "dwarf-with-dsym";
				ENABLE_NS_ASSERTIONS = NO;
				ENABLE_STRICT_OBJC_MSGSEND = YES;
				GCC_C_LANGUAGE_STANDARD = gnu99;
				GCC_NO_COMMON_BLOCKS = YES;
				GCC_WARN_64_TO_32_BIT_CONVERSION = YES;
				GCC_WARN_ABOUT_RETURN_TYPE = YES_ERROR;
				GCC_WARN_UNDECLARED_SELECTOR = YES;
				GCC_WARN_UNINITIALIZED_AUTOS = YES_AGGRESSIVE;
				GCC_WARN_UNUSED_FUNCTION = YES;
				GCC_WARN_UNUSED_VARIABLE = YES;
				IPHONEOS_DEPLOYMENT_TARGET = 9.3;
				MTL_ENABLE_DEBUG_INFO = NO;
				SDKROOT = iphoneos;
				VALIDATE_PRODUCT = YES;
			};
			name = Release;
		};
		AB98B0001D92812B0011FA7A /* Debug */ = {
			isa = XCBuildConfiguration;
			buildSettings = {
				ASSETCATALOG_COMPILER_APPICON_NAME = AppIcon;
				DEVELOPMENT_TEAM = FS6ZY5VUKS;
				INFOPLIST_FILE = Test/Info.plist;
				LD_RUNPATH_SEARCH_PATHS = "$(inherited) @executable_path/Frameworks";
				PRODUCT_BUNDLE_IDENTIFIER = Pengfei.Test;
				PRODUCT_NAME = "$(TARGET_NAME)";
				SWIFT_VERSION = 3.0;
			};
			name = Debug;
		};
		AB98B0011D92812B0011FA7A /* Release */ = {
			isa = XCBuildConfiguration;
			buildSettings = {
				ASSETCATALOG_COMPILER_APPICON_NAME = AppIcon;
				DEVELOPMENT_TEAM = FS6ZY5VUKS;
				INFOPLIST_FILE = Test/Info.plist;
				LD_RUNPATH_SEARCH_PATHS = "$(inherited) @executable_path/Frameworks";
				PRODUCT_BUNDLE_IDENTIFIER = Pengfei.Test;
				PRODUCT_NAME = "$(TARGET_NAME)";
				SWIFT_VERSION = 3.0;
			};
			name = Release;
		};
/* End XCBuildConfiguration section */

/* Begin XCConfigurationList section */
		AB98AFE81D92812B0011FA7A /* Build configuration list for PBXProject "Test" */ = {
			isa = XCConfigurationList;
			buildConfigurations = (
				AB98AFFD1D92812B0011FA7A /* Debug */,
				AB98AFFE1D92812B0011FA7A /* Release */,
			);
			defaultConfigurationIsVisible = 0;
			defaultConfigurationName = Release;
		};
		AB98AFFF1D92812B0011FA7A /* Build configuration list for PBXNativeTarget "Test" */ = {
			isa = XCConfigurationList;
			buildConfigurations = (
				AB98B0001D92812B0011FA7A /* Debug */,
				AB98B0011D92812B0011FA7A /* Release */,
			);
			defaultConfigurationIsVisible = 0;
			defaultConfigurationName = Release;
		};
/* End XCConfigurationList section */
	};
	rootObject = AB98AFE51D92812B0011FA7A /* Project object */;
}
